// !$*UTF8*$!
{
	archiveVersion = 1;
	classes = {
	};
	objectVersion = 50;
	objects = {

/* Begin PBXBuildFile section */
		0103F20020D65EF800AB56F3 /* AppDelegate.swift in Sources */ = {isa = PBXBuildFile; fileRef = 0103F1FF20D65EF800AB56F3 /* AppDelegate.swift */; };
		0103F20520D65EF800AB56F3 /* Main.storyboard in Resources */ = {isa = PBXBuildFile; fileRef = 0103F20320D65EF800AB56F3 /* Main.storyboard */; };
		0103F20720D65EF900AB56F3 /* Assets.xcassets in Resources */ = {isa = PBXBuildFile; fileRef = 0103F20620D65EF900AB56F3 /* Assets.xcassets */; };
		0103F20A20D65EF900AB56F3 /* LaunchScreen.storyboard in Resources */ = {isa = PBXBuildFile; fileRef = 0103F20820D65EF900AB56F3 /* LaunchScreen.storyboard */; };
		0103F22020D65FE500AB56F3 /* ProductGridTests.swift in Sources */ = {isa = PBXBuildFile; fileRef = 0103F21F20D65FE500AB56F3 /* ProductGridTests.swift */; };
		0103F22420D6608700AB56F3 /* ProductGridProtocols.swift in Sources */ = {isa = PBXBuildFile; fileRef = 0103F22320D6608700AB56F3 /* ProductGridProtocols.swift */; };
		0103F22620D6613500AB56F3 /* ProductGridRouter.swift in Sources */ = {isa = PBXBuildFile; fileRef = 0103F22520D6613500AB56F3 /* ProductGridRouter.swift */; };
		0103F22920D6618400AB56F3 /* ProductGridView.swift in Sources */ = {isa = PBXBuildFile; fileRef = 0103F22820D6618400AB56F3 /* ProductGridView.swift */; };
		0103F22C20D6640700AB56F3 /* ProductGridPresenter.swift in Sources */ = {isa = PBXBuildFile; fileRef = 0103F22B20D6640700AB56F3 /* ProductGridPresenter.swift */; };
		0103F22F20D665BF00AB56F3 /* ProductGridInteractor.swift in Sources */ = {isa = PBXBuildFile; fileRef = 0103F22E20D665BF00AB56F3 /* ProductGridInteractor.swift */; };
		0103F23220D66C5D00AB56F3 /* ProductGridRemoteDataManager.swift in Sources */ = {isa = PBXBuildFile; fileRef = 0103F23120D66C5D00AB56F3 /* ProductGridRemoteDataManager.swift */; };
		0103F23520D674D700AB56F3 /* Alamofire.framework in Frameworks */ = {isa = PBXBuildFile; fileRef = 0103F23420D674D700AB56F3 /* Alamofire.framework */; };
		0103F23920D6772300AB56F3 /* Network.swift in Sources */ = {isa = PBXBuildFile; fileRef = 0103F23820D6772300AB56F3 /* Network.swift */; };
		0103F23C20D7AE9500AB56F3 /* Product.swift in Sources */ = {isa = PBXBuildFile; fileRef = 0103F23B20D7AE9500AB56F3 /* Product.swift */; };
/* End PBXBuildFile section */

/* Begin PBXContainerItemProxy section */
		0103F21120D65EFA00AB56F3 /* PBXContainerItemProxy */ = {
			isa = PBXContainerItemProxy;
			containerPortal = 0103F1F420D65EF800AB56F3 /* Project object */;
			proxyType = 1;
			remoteGlobalIDString = 0103F1FB20D65EF800AB56F3;
			remoteInfo = JohnLewisDishwasherApp;
		};
/* End PBXContainerItemProxy section */

/* Begin PBXFileReference section */
		0103F1FC20D65EF800AB56F3 /* JohnLewisDishwasherApp.app */ = {isa = PBXFileReference; explicitFileType = wrapper.application; includeInIndex = 0; path = JohnLewisDishwasherApp.app; sourceTree = BUILT_PRODUCTS_DIR; };
		0103F1FF20D65EF800AB56F3 /* AppDelegate.swift */ = {isa = PBXFileReference; lastKnownFileType = sourcecode.swift; path = AppDelegate.swift; sourceTree = "<group>"; };
		0103F20420D65EF800AB56F3 /* Base */ = {isa = PBXFileReference; lastKnownFileType = file.storyboard; name = Base; path = Base.lproj/Main.storyboard; sourceTree = "<group>"; };
		0103F20620D65EF900AB56F3 /* Assets.xcassets */ = {isa = PBXFileReference; lastKnownFileType = folder.assetcatalog; path = Assets.xcassets; sourceTree = "<group>"; };
		0103F20920D65EF900AB56F3 /* Base */ = {isa = PBXFileReference; lastKnownFileType = file.storyboard; name = Base; path = Base.lproj/LaunchScreen.storyboard; sourceTree = "<group>"; };
		0103F20B20D65EFA00AB56F3 /* Info.plist */ = {isa = PBXFileReference; lastKnownFileType = text.plist.xml; path = Info.plist; sourceTree = "<group>"; };
		0103F21020D65EFA00AB56F3 /* JohnLewisDishwasherAppTests.xctest */ = {isa = PBXFileReference; explicitFileType = wrapper.cfbundle; includeInIndex = 0; path = JohnLewisDishwasherAppTests.xctest; sourceTree = BUILT_PRODUCTS_DIR; };
		0103F21620D65EFA00AB56F3 /* Info.plist */ = {isa = PBXFileReference; lastKnownFileType = text.plist.xml; path = Info.plist; sourceTree = "<group>"; };
		0103F21F20D65FE500AB56F3 /* ProductGridTests.swift */ = {isa = PBXFileReference; lastKnownFileType = sourcecode.swift; path = ProductGridTests.swift; sourceTree = "<group>"; };
		0103F22320D6608700AB56F3 /* ProductGridProtocols.swift */ = {isa = PBXFileReference; lastKnownFileType = sourcecode.swift; path = ProductGridProtocols.swift; sourceTree = "<group>"; };
		0103F22520D6613500AB56F3 /* ProductGridRouter.swift */ = {isa = PBXFileReference; lastKnownFileType = sourcecode.swift; path = ProductGridRouter.swift; sourceTree = "<group>"; };
		0103F22820D6618400AB56F3 /* ProductGridView.swift */ = {isa = PBXFileReference; lastKnownFileType = sourcecode.swift; path = ProductGridView.swift; sourceTree = "<group>"; };
		0103F22B20D6640700AB56F3 /* ProductGridPresenter.swift */ = {isa = PBXFileReference; lastKnownFileType = sourcecode.swift; path = ProductGridPresenter.swift; sourceTree = "<group>"; };
		0103F22E20D665BF00AB56F3 /* ProductGridInteractor.swift */ = {isa = PBXFileReference; lastKnownFileType = sourcecode.swift; path = ProductGridInteractor.swift; sourceTree = "<group>"; };
		0103F23120D66C5D00AB56F3 /* ProductGridRemoteDataManager.swift */ = {isa = PBXFileReference; lastKnownFileType = sourcecode.swift; path = ProductGridRemoteDataManager.swift; sourceTree = "<group>"; };
		0103F23420D674D700AB56F3 /* Alamofire.framework */ = {isa = PBXFileReference; lastKnownFileType = wrapper.framework; name = Alamofire.framework; path = Carthage/Build/iOS/Alamofire.framework; sourceTree = "<group>"; };
		0103F23820D6772300AB56F3 /* Network.swift */ = {isa = PBXFileReference; lastKnownFileType = sourcecode.swift; path = Network.swift; sourceTree = "<group>"; };
		0103F23B20D7AE9500AB56F3 /* Product.swift */ = {isa = PBXFileReference; lastKnownFileType = sourcecode.swift; path = Product.swift; sourceTree = "<group>"; };
/* End PBXFileReference section */

/* Begin PBXFrameworksBuildPhase section */
		0103F1F920D65EF800AB56F3 /* Frameworks */ = {
			isa = PBXFrameworksBuildPhase;
			buildActionMask = 2147483647;
			files = (
				0103F23520D674D700AB56F3 /* Alamofire.framework in Frameworks */,
			);
			runOnlyForDeploymentPostprocessing = 0;
		};
		0103F20D20D65EFA00AB56F3 /* Frameworks */ = {
			isa = PBXFrameworksBuildPhase;
			buildActionMask = 2147483647;
			files = (
			);
			runOnlyForDeploymentPostprocessing = 0;
		};
/* End PBXFrameworksBuildPhase section */

/* Begin PBXGroup section */
		0103F1F320D65EF800AB56F3 = {
			isa = PBXGroup;
			children = (
				0103F1FE20D65EF800AB56F3 /* JohnLewisDishwasherApp */,
				0103F21320D65EFA00AB56F3 /* JohnLewisDishwasherAppTests */,
				0103F1FD20D65EF800AB56F3 /* Products */,
				0103F23320D674D600AB56F3 /* Frameworks */,
			);
			sourceTree = "<group>";
		};
		0103F1FD20D65EF800AB56F3 /* Products */ = {
			isa = PBXGroup;
			children = (
				0103F1FC20D65EF800AB56F3 /* JohnLewisDishwasherApp.app */,
				0103F21020D65EFA00AB56F3 /* JohnLewisDishwasherAppTests.xctest */,
			);
			name = Products;
			sourceTree = "<group>";
		};
		0103F1FE20D65EF800AB56F3 /* JohnLewisDishwasherApp */ = {
			isa = PBXGroup;
			children = (
				0103F23A20D7AE8600AB56F3 /* Entities */,
				0103F23720D6771400AB56F3 /* Network */,
				0103F22120D6605B00AB56F3 /* ProductGrid */,
				0103F1FF20D65EF800AB56F3 /* AppDelegate.swift */,
				0103F20320D65EF800AB56F3 /* Main.storyboard */,
				0103F20620D65EF900AB56F3 /* Assets.xcassets */,
				0103F20820D65EF900AB56F3 /* LaunchScreen.storyboard */,
				0103F20B20D65EFA00AB56F3 /* Info.plist */,
			);
			path = JohnLewisDishwasherApp;
			sourceTree = "<group>";
		};
		0103F21320D65EFA00AB56F3 /* JohnLewisDishwasherAppTests */ = {
			isa = PBXGroup;
			children = (
				0103F21620D65EFA00AB56F3 /* Info.plist */,
				0103F21F20D65FE500AB56F3 /* ProductGridTests.swift */,
			);
			path = JohnLewisDishwasherAppTests;
			sourceTree = "<group>";
		};
		0103F22120D6605B00AB56F3 /* ProductGrid */ = {
			isa = PBXGroup;
			children = (
				0103F23020D66C4400AB56F3 /* Data */,
				0103F22D20D665AF00AB56F3 /* Interactor */,
				0103F22A20D663F200AB56F3 /* Presenter */,
				0103F22720D6617100AB56F3 /* View */,
				0103F22220D6606B00AB56F3 /* Router */,
				0103F22320D6608700AB56F3 /* ProductGridProtocols.swift */,
			);
			path = ProductGrid;
			sourceTree = "<group>";
		};
		0103F22220D6606B00AB56F3 /* Router */ = {
			isa = PBXGroup;
			children = (
				0103F22520D6613500AB56F3 /* ProductGridRouter.swift */,
			);
			path = Router;
			sourceTree = "<group>";
		};
		0103F22720D6617100AB56F3 /* View */ = {
			isa = PBXGroup;
			children = (
				0103F22820D6618400AB56F3 /* ProductGridView.swift */,
			);
			path = View;
			sourceTree = "<group>";
		};
		0103F22A20D663F200AB56F3 /* Presenter */ = {
			isa = PBXGroup;
			children = (
				0103F22B20D6640700AB56F3 /* ProductGridPresenter.swift */,
			);
			path = Presenter;
			sourceTree = "<group>";
		};
		0103F22D20D665AF00AB56F3 /* Interactor */ = {
			isa = PBXGroup;
			children = (
				0103F22E20D665BF00AB56F3 /* ProductGridInteractor.swift */,
			);
			path = Interactor;
			sourceTree = "<group>";
		};
		0103F23020D66C4400AB56F3 /* Data */ = {
			isa = PBXGroup;
			children = (
				0103F23120D66C5D00AB56F3 /* ProductGridRemoteDataManager.swift */,
			);
			path = Data;
			sourceTree = "<group>";
		};
		0103F23320D674D600AB56F3 /* Frameworks */ = {
			isa = PBXGroup;
			children = (
				0103F23420D674D700AB56F3 /* Alamofire.framework */,
			);
			name = Frameworks;
			sourceTree = "<group>";
		};
		0103F23720D6771400AB56F3 /* Network */ = {
			isa = PBXGroup;
			children = (
				0103F23820D6772300AB56F3 /* Network.swift */,
			);
			path = Network;
			sourceTree = "<group>";
		};
		0103F23A20D7AE8600AB56F3 /* Entities */ = {
			isa = PBXGroup;
			children = (
				0103F23B20D7AE9500AB56F3 /* Product.swift */,
			);
			path = Entities;
			sourceTree = "<group>";
		};
/* End PBXGroup section */

/* Begin PBXNativeTarget section */
		0103F1FB20D65EF800AB56F3 /* JohnLewisDishwasherApp */ = {
			isa = PBXNativeTarget;
			buildConfigurationList = 0103F21920D65EFA00AB56F3 /* Build configuration list for PBXNativeTarget "JohnLewisDishwasherApp" */;
			buildPhases = (
				0103F1F820D65EF800AB56F3 /* Sources */,
				0103F1F920D65EF800AB56F3 /* Frameworks */,
				0103F1FA20D65EF800AB56F3 /* Resources */,
				0103F23620D674E700AB56F3 /* ShellScript */,
			);
			buildRules = (
			);
			dependencies = (
			);
			name = JohnLewisDishwasherApp;
			productName = JohnLewisDishwasherApp;
			productReference = 0103F1FC20D65EF800AB56F3 /* JohnLewisDishwasherApp.app */;
			productType = "com.apple.product-type.application";
		};
		0103F20F20D65EFA00AB56F3 /* JohnLewisDishwasherAppTests */ = {
			isa = PBXNativeTarget;
			buildConfigurationList = 0103F21C20D65EFA00AB56F3 /* Build configuration list for PBXNativeTarget "JohnLewisDishwasherAppTests" */;
			buildPhases = (
				0103F20C20D65EFA00AB56F3 /* Sources */,
				0103F20D20D65EFA00AB56F3 /* Frameworks */,
				0103F20E20D65EFA00AB56F3 /* Resources */,
			);
			buildRules = (
			);
			dependencies = (
				0103F21220D65EFA00AB56F3 /* PBXTargetDependency */,
			);
			name = JohnLewisDishwasherAppTests;
			productName = JohnLewisDishwasherAppTests;
			productReference = 0103F21020D65EFA00AB56F3 /* JohnLewisDishwasherAppTests.xctest */;
			productType = "com.apple.product-type.bundle.unit-test";
		};
/* End PBXNativeTarget section */

/* Begin PBXProject section */
		0103F1F420D65EF800AB56F3 /* Project object */ = {
			isa = PBXProject;
			attributes = {
				LastSwiftUpdateCheck = 0940;
				LastUpgradeCheck = 0940;
				ORGANIZATIONNAME = "Tim Richardson";
				TargetAttributes = {
					0103F1FB20D65EF800AB56F3 = {
						CreatedOnToolsVersion = 9.4;
					};
					0103F20F20D65EFA00AB56F3 = {
						CreatedOnToolsVersion = 9.4;
						LastSwiftMigration = 0940;
						TestTargetID = 0103F1FB20D65EF800AB56F3;
					};
				};
			};
			buildConfigurationList = 0103F1F720D65EF800AB56F3 /* Build configuration list for PBXProject "JohnLewisDishwasherApp" */;
			compatibilityVersion = "Xcode 9.3";
			developmentRegion = en;
			hasScannedForEncodings = 0;
			knownRegions = (
				en,
				Base,
			);
			mainGroup = 0103F1F320D65EF800AB56F3;
			productRefGroup = 0103F1FD20D65EF800AB56F3 /* Products */;
			projectDirPath = "";
			projectRoot = "";
			targets = (
				0103F1FB20D65EF800AB56F3 /* JohnLewisDishwasherApp */,
				0103F20F20D65EFA00AB56F3 /* JohnLewisDishwasherAppTests */,
			);
		};
/* End PBXProject section */

/* Begin PBXResourcesBuildPhase section */
		0103F1FA20D65EF800AB56F3 /* Resources */ = {
			isa = PBXResourcesBuildPhase;
			buildActionMask = 2147483647;
			files = (
				0103F20A20D65EF900AB56F3 /* LaunchScreen.storyboard in Resources */,
				0103F20720D65EF900AB56F3 /* Assets.xcassets in Resources */,
				0103F20520D65EF800AB56F3 /* Main.storyboard in Resources */,
			);
			runOnlyForDeploymentPostprocessing = 0;
		};
		0103F20E20D65EFA00AB56F3 /* Resources */ = {
			isa = PBXResourcesBuildPhase;
			buildActionMask = 2147483647;
			files = (
			);
			runOnlyForDeploymentPostprocessing = 0;
		};
/* End PBXResourcesBuildPhase section */

/* Begin PBXShellScriptBuildPhase section */
		0103F23620D674E700AB56F3 /* ShellScript */ = {
			isa = PBXShellScriptBuildPhase;
			buildActionMask = 2147483647;
			files = (
			);
			inputPaths = (
				"$(SRCROOT)/Carthage/Build/iOS/Alamofire.framework",
			);
			outputPaths = (
				"$(BUILT_PRODUCTS_DIR)/$(FRAMEWORKS_FOLDER_PATH)/Alamofire.framework",
			);
			runOnlyForDeploymentPostprocessing = 0;
			shellPath = /bin/sh;
			shellScript = "/usr/local/bin/carthage copy-frameworks";
		};
/* End PBXShellScriptBuildPhase section */

/* Begin PBXSourcesBuildPhase section */
		0103F1F820D65EF800AB56F3 /* Sources */ = {
			isa = PBXSourcesBuildPhase;
			buildActionMask = 2147483647;
			files = (
				0103F20020D65EF800AB56F3 /* AppDelegate.swift in Sources */,
				0103F22620D6613500AB56F3 /* ProductGridRouter.swift in Sources */,
				0103F22C20D6640700AB56F3 /* ProductGridPresenter.swift in Sources */,
				0103F23220D66C5D00AB56F3 /* ProductGridRemoteDataManager.swift in Sources */,
				0103F22920D6618400AB56F3 /* ProductGridView.swift in Sources */,
				0103F22F20D665BF00AB56F3 /* ProductGridInteractor.swift in Sources */,
				0103F22420D6608700AB56F3 /* ProductGridProtocols.swift in Sources */,
				0103F23C20D7AE9500AB56F3 /* Product.swift in Sources */,
				0103F23920D6772300AB56F3 /* Network.swift in Sources */,
			);
			runOnlyForDeploymentPostprocessing = 0;
		};
		0103F20C20D65EFA00AB56F3 /* Sources */ = {
			isa = PBXSourcesBuildPhase;
			buildActionMask = 2147483647;
			files = (
				0103F22020D65FE500AB56F3 /* ProductGridTests.swift in Sources */,
			);
			runOnlyForDeploymentPostprocessing = 0;
		};
/* End PBXSourcesBuildPhase section */

/* Begin PBXTargetDependency section */
		0103F21220D65EFA00AB56F3 /* PBXTargetDependency */ = {
			isa = PBXTargetDependency;
			target = 0103F1FB20D65EF800AB56F3 /* JohnLewisDishwasherApp */;
			targetProxy = 0103F21120D65EFA00AB56F3 /* PBXContainerItemProxy */;
		};
/* End PBXTargetDependency section */

/* Begin PBXVariantGroup section */
		0103F20320D65EF800AB56F3 /* Main.storyboard */ = {
			isa = PBXVariantGroup;
			children = (
				0103F20420D65EF800AB56F3 /* Base */,
			);
			name = Main.storyboard;
			sourceTree = "<group>";
		};
		0103F20820D65EF900AB56F3 /* LaunchScreen.storyboard */ = {
			isa = PBXVariantGroup;
			children = (
				0103F20920D65EF900AB56F3 /* Base */,
			);
			name = LaunchScreen.storyboard;
			sourceTree = "<group>";
		};
/* End PBXVariantGroup section */

/* Begin XCBuildConfiguration section */
		0103F21720D65EFA00AB56F3 /* Debug */ = {
			isa = XCBuildConfiguration;
			buildSettings = {
				ALWAYS_SEARCH_USER_PATHS = NO;
				CLANG_ANALYZER_NONNULL = YES;
				CLANG_ANALYZER_NUMBER_OBJECT_CONVERSION = YES_AGGRESSIVE;
				CLANG_CXX_LANGUAGE_STANDARD = "gnu++14";
				CLANG_CXX_LIBRARY = "libc++";
				CLANG_ENABLE_MODULES = YES;
				CLANG_ENABLE_OBJC_ARC = YES;
				CLANG_ENABLE_OBJC_WEAK = YES;
				CLANG_WARN_BLOCK_CAPTURE_AUTORELEASING = YES;
				CLANG_WARN_BOOL_CONVERSION = YES;
				CLANG_WARN_COMMA = YES;
				CLANG_WARN_CONSTANT_CONVERSION = YES;
				CLANG_WARN_DEPRECATED_OBJC_IMPLEMENTATIONS = YES;
				CLANG_WARN_DIRECT_OBJC_ISA_USAGE = YES_ERROR;
				CLANG_WARN_DOCUMENTATION_COMMENTS = YES;
				CLANG_WARN_EMPTY_BODY = YES;
				CLANG_WARN_ENUM_CONVERSION = YES;
				CLANG_WARN_INFINITE_RECURSION = YES;
				CLANG_WARN_INT_CONVERSION = YES;
				CLANG_WARN_NON_LITERAL_NULL_CONVERSION = YES;
				CLANG_WARN_OBJC_IMPLICIT_RETAIN_SELF = YES;
				CLANG_WARN_OBJC_LITERAL_CONVERSION = YES;
				CLANG_WARN_OBJC_ROOT_CLASS = YES_ERROR;
				CLANG_WARN_RANGE_LOOP_ANALYSIS = YES;
				CLANG_WARN_STRICT_PROTOTYPES = YES;
				CLANG_WARN_SUSPICIOUS_MOVE = YES;
				CLANG_WARN_UNGUARDED_AVAILABILITY = YES_AGGRESSIVE;
				CLANG_WARN_UNREACHABLE_CODE = YES;
				CLANG_WARN__DUPLICATE_METHOD_MATCH = YES;
				CODE_SIGN_IDENTITY = "iPhone Developer";
				COPY_PHASE_STRIP = NO;
				DEBUG_INFORMATION_FORMAT = dwarf;
				ENABLE_STRICT_OBJC_MSGSEND = YES;
				ENABLE_TESTABILITY = YES;
				GCC_C_LANGUAGE_STANDARD = gnu11;
				GCC_DYNAMIC_NO_PIC = NO;
				GCC_NO_COMMON_BLOCKS = YES;
				GCC_OPTIMIZATION_LEVEL = 0;
				GCC_PREPROCESSOR_DEFINITIONS = (
					"DEBUG=1",
					"$(inherited)",
				);
				GCC_WARN_64_TO_32_BIT_CONVERSION = YES;
				GCC_WARN_ABOUT_RETURN_TYPE = YES_ERROR;
				GCC_WARN_UNDECLARED_SELECTOR = YES;
				GCC_WARN_UNINITIALIZED_AUTOS = YES_AGGRESSIVE;
				GCC_WARN_UNUSED_FUNCTION = YES;
				GCC_WARN_UNUSED_VARIABLE = YES;
				IPHONEOS_DEPLOYMENT_TARGET = 11.4;
				MTL_ENABLE_DEBUG_INFO = YES;
				ONLY_ACTIVE_ARCH = YES;
				SDKROOT = iphoneos;
				SWIFT_ACTIVE_COMPILATION_CONDITIONS = DEBUG;
				SWIFT_OPTIMIZATION_LEVEL = "-Onone";
			};
			name = Debug;
		};
		0103F21820D65EFA00AB56F3 /* Release */ = {
			isa = XCBuildConfiguration;
			buildSettings = {
				ALWAYS_SEARCH_USER_PATHS = NO;
				CLANG_ANALYZER_NONNULL = YES;
				CLANG_ANALYZER_NUMBER_OBJECT_CONVERSION = YES_AGGRESSIVE;
				CLANG_CXX_LANGUAGE_STANDARD = "gnu++14";
				CLANG_CXX_LIBRARY = "libc++";
				CLANG_ENABLE_MODULES = YES;
				CLANG_ENABLE_OBJC_ARC = YES;
				CLANG_ENABLE_OBJC_WEAK = YES;
				CLANG_WARN_BLOCK_CAPTURE_AUTORELEASING = YES;
				CLANG_WARN_BOOL_CONVERSION = YES;
				CLANG_WARN_COMMA = YES;
				CLANG_WARN_CONSTANT_CONVERSION = YES;
				CLANG_WARN_DEPRECATED_OBJC_IMPLEMENTATIONS = YES;
				CLANG_WARN_DIRECT_OBJC_ISA_USAGE = YES_ERROR;
				CLANG_WARN_DOCUMENTATION_COMMENTS = YES;
				CLANG_WARN_EMPTY_BODY = YES;
				CLANG_WARN_ENUM_CONVERSION = YES;
				CLANG_WARN_INFINITE_RECURSION = YES;
				CLANG_WARN_INT_CONVERSION = YES;
				CLANG_WARN_NON_LITERAL_NULL_CONVERSION = YES;
				CLANG_WARN_OBJC_IMPLICIT_RETAIN_SELF = YES;
				CLANG_WARN_OBJC_LITERAL_CONVERSION = YES;
				CLANG_WARN_OBJC_ROOT_CLASS = YES_ERROR;
				CLANG_WARN_RANGE_LOOP_ANALYSIS = YES;
				CLANG_WARN_STRICT_PROTOTYPES = YES;
				CLANG_WARN_SUSPICIOUS_MOVE = YES;
				CLANG_WARN_UNGUARDED_AVAILABILITY = YES_AGGRESSIVE;
				CLANG_WARN_UNREACHABLE_CODE = YES;
				CLANG_WARN__DUPLICATE_METHOD_MATCH = YES;
				CODE_SIGN_IDENTITY = "iPhone Developer";
				COPY_PHASE_STRIP = NO;
				DEBUG_INFORMATION_FORMAT = "dwarf-with-dsym";
				ENABLE_NS_ASSERTIONS = NO;
				ENABLE_STRICT_OBJC_MSGSEND = YES;
				GCC_C_LANGUAGE_STANDARD = gnu11;
				GCC_NO_COMMON_BLOCKS = YES;
				GCC_WARN_64_TO_32_BIT_CONVERSION = YES;
				GCC_WARN_ABOUT_RETURN_TYPE = YES_ERROR;
				GCC_WARN_UNDECLARED_SELECTOR = YES;
				GCC_WARN_UNINITIALIZED_AUTOS = YES_AGGRESSIVE;
				GCC_WARN_UNUSED_FUNCTION = YES;
				GCC_WARN_UNUSED_VARIABLE = YES;
				IPHONEOS_DEPLOYMENT_TARGET = 11.4;
				MTL_ENABLE_DEBUG_INFO = NO;
				SDKROOT = iphoneos;
				SWIFT_COMPILATION_MODE = wholemodule;
				SWIFT_OPTIMIZATION_LEVEL = "-O";
				VALIDATE_PRODUCT = YES;
			};
			name = Release;
		};
		0103F21A20D65EFA00AB56F3 /* Debug */ = {
			isa = XCBuildConfiguration;
			buildSettings = {
				ASSETCATALOG_COMPILER_APPICON_NAME = AppIcon;
				CODE_SIGN_STYLE = Automatic;
				FRAMEWORK_SEARCH_PATHS = (
					"$(inherited)",
					"$(PROJECT_DIR)/Carthage/Build/iOS",
				);
				INFOPLIST_FILE = JohnLewisDishwasherApp/Info.plist;
				LD_RUNPATH_SEARCH_PATHS = (
					"$(inherited)",
					"@executable_path/Frameworks",
				);
				PRODUCT_BUNDLE_IDENTIFIER = co.timrichardson.JohnLewisDishwasherApp;
				PRODUCT_NAME = "$(TARGET_NAME)";
				SWIFT_VERSION = 4.0;
				TARGETED_DEVICE_FAMILY = 2;
			};
			name = Debug;
		};
		0103F21B20D65EFA00AB56F3 /* Release */ = {
			isa = XCBuildConfiguration;
			buildSettings = {
				ASSETCATALOG_COMPILER_APPICON_NAME = AppIcon;
				CODE_SIGN_STYLE = Automatic;
				FRAMEWORK_SEARCH_PATHS = (
					"$(inherited)",
					"$(PROJECT_DIR)/Carthage/Build/iOS",
				);
				INFOPLIST_FILE = JohnLewisDishwasherApp/Info.plist;
				LD_RUNPATH_SEARCH_PATHS = (
					"$(inherited)",
					"@executable_path/Frameworks",
				);
				PRODUCT_BUNDLE_IDENTIFIER = co.timrichardson.JohnLewisDishwasherApp;
				PRODUCT_NAME = "$(TARGET_NAME)";
				SWIFT_VERSION = 4.0;
				TARGETED_DEVICE_FAMILY = 2;
			};
			name = Release;
		};
		0103F21D20D65EFA00AB56F3 /* Debug */ = {
			isa = XCBuildConfiguration;
			buildSettings = {
				ALWAYS_EMBED_SWIFT_STANDARD_LIBRARIES = YES;
				BUNDLE_LOADER = "$(TEST_HOST)";
				CLANG_ENABLE_MODULES = YES;
				CODE_SIGN_STYLE = Automatic;
				INFOPLIST_FILE = JohnLewisDishwasherAppTests/Info.plist;
				LD_RUNPATH_SEARCH_PATHS = (
					"$(inherited)",
					"@executable_path/Frameworks",
					"@loader_path/Frameworks",
				);
				PRODUCT_BUNDLE_IDENTIFIER = co.timrichardson.JohnLewisDishwasherAppTests;
				PRODUCT_NAME = "$(TARGET_NAME)";
				SWIFT_OPTIMIZATION_LEVEL = "-Onone";
				SWIFT_VERSION = 4.0;
				TARGETED_DEVICE_FAMILY = "1,2";
				TEST_HOST = "$(BUILT_PRODUCTS_DIR)/JohnLewisDishwasherApp.app/JohnLewisDishwasherApp";
			};
			name = Debug;
		};
		0103F21E20D65EFA00AB56F3 /* Release */ = {
			isa = XCBuildConfiguration;
			buildSettings = {
				ALWAYS_EMBED_SWIFT_STANDARD_LIBRARIES = YES;
				BUNDLE_LOADER = "$(TEST_HOST)";
				CLANG_ENABLE_MODULES = YES;
				CODE_SIGN_STYLE = Automatic;
				INFOPLIST_FILE = JohnLewisDishwasherAppTests/Info.plist;
				LD_RUNPATH_SEARCH_PATHS = (
					"$(inherited)",
					"@executable_path/Frameworks",
					"@loader_path/Frameworks",
				);
				PRODUCT_BUNDLE_IDENTIFIER = co.timrichardson.JohnLewisDishwasherAppTests;
				PRODUCT_NAME = "$(TARGET_NAME)";
				SWIFT_VERSION = 4.0;
				TARGETED_DEVICE_FAMILY = "1,2";
				TEST_HOST = "$(BUILT_PRODUCTS_DIR)/JohnLewisDishwasherApp.app/JohnLewisDishwasherApp";
			};
			name = Release;
		};
/* End XCBuildConfiguration section */

/* Begin XCConfigurationList section */
		0103F1F720D65EF800AB56F3 /* Build configuration list for PBXProject "JohnLewisDishwasherApp" */ = {
			isa = XCConfigurationList;
			buildConfigurations = (
				0103F21720D65EFA00AB56F3 /* Debug */,
				0103F21820D65EFA00AB56F3 /* Release */,
			);
			defaultConfigurationIsVisible = 0;
			defaultConfigurationName = Release;
		};
		0103F21920D65EFA00AB56F3 /* Build configuration list for PBXNativeTarget "JohnLewisDishwasherApp" */ = {
			isa = XCConfigurationList;
			buildConfigurations = (
				0103F21A20D65EFA00AB56F3 /* Debug */,
				0103F21B20D65EFA00AB56F3 /* Release */,
			);
			defaultConfigurationIsVisible = 0;
			defaultConfigurationName = Release;
		};
		0103F21C20D65EFA00AB56F3 /* Build configuration list for PBXNativeTarget "JohnLewisDishwasherAppTests" */ = {
			isa = XCConfigurationList;
			buildConfigurations = (
				0103F21D20D65EFA00AB56F3 /* Debug */,
				0103F21E20D65EFA00AB56F3 /* Release */,
			);
			defaultConfigurationIsVisible = 0;
			defaultConfigurationName = Release;
		};
/* End XCConfigurationList section */
	};
	rootObject = 0103F1F420D65EF800AB56F3 /* Project object */;
}
